
Microsoft Visual Studio Solution File, Format Version 12.00
# Visual Studio Version 17
VisualStudioVersion = 17.2.32630.192
MinimumVisualStudioVersion = 10.0.40219.1
Project("{9A19103F-16F7-4668-BE54-9A1E7A4F7556}") = "SqueakyClean", "SqueakyClean.csproj", "{CCBB0FFA-56DB-421A-9C30-050B5A2F2060}"
EndProject
Global
	GlobalSection(SolutionConfigurationPlatforms) = preSolution
		Debug|Any CPU = Debug|Any CPU
		Release|Any CPU = Release|Any CPU
	EndGlobalSection
	GlobalSection(ProjectConfigurationPlatforms) = postSolution
		{CCBB0FFA-56DB-421A-9C30-050B5A2F2060}.Debug|Any CPU.ActiveCfg = Debug|Any CPU
		{CCBB0FFA-56DB-421A-9C30-050B5A2F2060}.Debug|Any CPU.Build.0 = Debug|Any CPU
		{CCBB0FFA-56DB-421A-9C30-050B5A2F2060}.Release|Any CPU.ActiveCfg = Release|Any CPU
		{CCBB0FFA-56DB-421A-9C30-050B5A2F2060}.Release|Any CPU.Build.0 = Release|Any CPU
	EndGlobalSection
	GlobalSection(SolutionProperties) = preSolution
		HideSolutionNode = FALSE
	EndGlobalSection
	GlobalSection(ExtensibilityGlobals) = postSolution
		SolutionGuid = {30EDB697-88D9-4004-B50C-CCE91A2A2C84}
	EndGlobalSection
EndGlobal
