
Microsoft Visual Studio Solution File, Format Version 12.00
# Visual Studio Version 16
VisualStudioVersion = 16.0.31702.278
MinimumVisualStudioVersion = 10.0.40219.1
Project("{9A19103F-16F7-4668-BE54-9A1E7A4F7556}") = "Bob", "Bob.csproj", "{4DDFE709-6A20-42DF-91EB-A67A3769BACE}"
EndProject
Global
	GlobalSection(SolutionConfigurationPlatforms) = preSolution
		Debug|Any CPU = Debug|Any CPU
		Release|Any CPU = Release|Any CPU
	EndGlobalSection
	GlobalSection(ProjectConfigurationPlatforms) = postSolution
		{4DDFE709-6A20-42DF-91EB-A67A3769BACE}.Debug|Any CPU.ActiveCfg = Debug|Any CPU
		{4DDFE709-6A20-42DF-91EB-A67A3769BACE}.Debug|Any CPU.Build.0 = Debug|Any CPU
		{4DDFE709-6A20-42DF-91EB-A67A3769BACE}.Release|Any CPU.ActiveCfg = Release|Any CPU
		{4DDFE709-6A20-42DF-91EB-A67A3769BACE}.Release|Any CPU.Build.0 = Release|Any CPU
	EndGlobalSection
	GlobalSection(SolutionProperties) = preSolution
		HideSolutionNode = FALSE
	EndGlobalSection
	GlobalSection(ExtensibilityGlobals) = postSolution
		SolutionGuid = {A3B839A9-CB07-4EB4-979F-2D67ADA2048A}
	EndGlobalSection
EndGlobal
