
Microsoft Visual Studio Solution File, Format Version 12.00
# Visual Studio Version 16
VisualStudioVersion = 16.0.31702.278
MinimumVisualStudioVersion = 10.0.40219.1
Project("{9A19103F-16F7-4668-BE54-9A1E7A4F7556}") = "BookingUpForBeauty", "BookingUpForBeauty.csproj", "{A367FBA3-654E-4EF4-B428-A70FB9EFE2E7}"
EndProject
Global
	GlobalSection(SolutionConfigurationPlatforms) = preSolution
		Debug|Any CPU = Debug|Any CPU
		Release|Any CPU = Release|Any CPU
	EndGlobalSection
	GlobalSection(ProjectConfigurationPlatforms) = postSolution
		{A367FBA3-654E-4EF4-B428-A70FB9EFE2E7}.Debug|Any CPU.ActiveCfg = Debug|Any CPU
		{A367FBA3-654E-4EF4-B428-A70FB9EFE2E7}.Debug|Any CPU.Build.0 = Debug|Any CPU
		{A367FBA3-654E-4EF4-B428-A70FB9EFE2E7}.Release|Any CPU.ActiveCfg = Release|Any CPU
		{A367FBA3-654E-4EF4-B428-A70FB9EFE2E7}.Release|Any CPU.Build.0 = Release|Any CPU
	EndGlobalSection
	GlobalSection(SolutionProperties) = preSolution
		HideSolutionNode = FALSE
	EndGlobalSection
	GlobalSection(ExtensibilityGlobals) = postSolution
		SolutionGuid = {12CD7134-CE47-4753-B7C1-4F2A3B6FD2CD}
	EndGlobalSection
EndGlobal
