
Microsoft Visual Studio Solution File, Format Version 12.00
# Visual Studio Version 16
VisualStudioVersion = 16.0.31702.278
MinimumVisualStudioVersion = 10.0.40219.1
Project("{9A19103F-16F7-4668-BE54-9A1E7A4F7556}") = "PhoneNumberAnalysis", "PhoneNumberAnalysis.csproj", "{4B785AC7-71E4-41F9-9695-EA64CE57C049}"
EndProject
Global
	GlobalSection(SolutionConfigurationPlatforms) = preSolution
		Debug|Any CPU = Debug|Any CPU
		Release|Any CPU = Release|Any CPU
	EndGlobalSection
	GlobalSection(ProjectConfigurationPlatforms) = postSolution
		{4B785AC7-71E4-41F9-9695-EA64CE57C049}.Debug|Any CPU.ActiveCfg = Debug|Any CPU
		{4B785AC7-71E4-41F9-9695-EA64CE57C049}.Debug|Any CPU.Build.0 = Debug|Any CPU
		{4B785AC7-71E4-41F9-9695-EA64CE57C049}.Release|Any CPU.ActiveCfg = Release|Any CPU
		{4B785AC7-71E4-41F9-9695-EA64CE57C049}.Release|Any CPU.Build.0 = Release|Any CPU
	EndGlobalSection
	GlobalSection(SolutionProperties) = preSolution
		HideSolutionNode = FALSE
	EndGlobalSection
	GlobalSection(ExtensibilityGlobals) = postSolution
		SolutionGuid = {62156658-A35C-4806-A790-5AF2E0788D29}
	EndGlobalSection
EndGlobal
