
Microsoft Visual Studio Solution File, Format Version 12.00
# Visual Studio Version 16
VisualStudioVersion = 16.0.31702.278
MinimumVisualStudioVersion = 10.0.40219.1
Project("{9A19103F-16F7-4668-BE54-9A1E7A4F7556}") = "ElonsToys", "ElonsToys.csproj", "{29A87838-9269-4206-A6A4-C50E889C13F3}"
EndProject
Global
	GlobalSection(SolutionConfigurationPlatforms) = preSolution
		Debug|Any CPU = Debug|Any CPU
		Release|Any CPU = Release|Any CPU
	EndGlobalSection
	GlobalSection(ProjectConfigurationPlatforms) = postSolution
		{29A87838-9269-4206-A6A4-C50E889C13F3}.Debug|Any CPU.ActiveCfg = Debug|Any CPU
		{29A87838-9269-4206-A6A4-C50E889C13F3}.Debug|Any CPU.Build.0 = Debug|Any CPU
		{29A87838-9269-4206-A6A4-C50E889C13F3}.Release|Any CPU.ActiveCfg = Release|Any CPU
		{29A87838-9269-4206-A6A4-C50E889C13F3}.Release|Any CPU.Build.0 = Release|Any CPU
	EndGlobalSection
	GlobalSection(SolutionProperties) = preSolution
		HideSolutionNode = FALSE
	EndGlobalSection
	GlobalSection(ExtensibilityGlobals) = postSolution
		SolutionGuid = {8F38FB03-FF42-43A2-80CD-AA66E741498F}
	EndGlobalSection
EndGlobal
