
Microsoft Visual Studio Solution File, Format Version 12.00
# Visual Studio Version 16
VisualStudioVersion = 16.0.31702.278
MinimumVisualStudioVersion = 10.0.40219.1
Project("{9A19103F-16F7-4668-BE54-9A1E7A4F7556}") = "AnnalynsInfiltration", "AnnalynsInfiltration.csproj", "{0894A54D-8D15-46C1-9E2F-96D87806BBE1}"
EndProject
Global
	GlobalSection(SolutionConfigurationPlatforms) = preSolution
		Debug|Any CPU = Debug|Any CPU
		Release|Any CPU = Release|Any CPU
	EndGlobalSection
	GlobalSection(ProjectConfigurationPlatforms) = postSolution
		{0894A54D-8D15-46C1-9E2F-96D87806BBE1}.Debug|Any CPU.ActiveCfg = Debug|Any CPU
		{0894A54D-8D15-46C1-9E2F-96D87806BBE1}.Debug|Any CPU.Build.0 = Debug|Any CPU
		{0894A54D-8D15-46C1-9E2F-96D87806BBE1}.Release|Any CPU.ActiveCfg = Release|Any CPU
		{0894A54D-8D15-46C1-9E2F-96D87806BBE1}.Release|Any CPU.Build.0 = Release|Any CPU
	EndGlobalSection
	GlobalSection(SolutionProperties) = preSolution
		HideSolutionNode = FALSE
	EndGlobalSection
	GlobalSection(ExtensibilityGlobals) = postSolution
		SolutionGuid = {97FC3776-99BD-49F9-9215-D9A6F45C3D16}
	EndGlobalSection
EndGlobal
