
Microsoft Visual Studio Solution File, Format Version 12.00
# Visual Studio Version 16
VisualStudioVersion = 16.0.30621.155
MinimumVisualStudioVersion = 10.0.40219.1
Project("{9A19103F-16F7-4668-BE54-9A1E7A4F7556}") = "RobotName", "RobotName.csproj", "{3D69E294-357D-4777-B45B-9F88A70E9EC9}"
EndProject
Global
	GlobalSection(SolutionConfigurationPlatforms) = preSolution
		Debug|Any CPU = Debug|Any CPU
		Release|Any CPU = Release|Any CPU
	EndGlobalSection
	GlobalSection(ProjectConfigurationPlatforms) = postSolution
		{3D69E294-357D-4777-B45B-9F88A70E9EC9}.Debug|Any CPU.ActiveCfg = Debug|Any CPU
		{3D69E294-357D-4777-B45B-9F88A70E9EC9}.Debug|Any CPU.Build.0 = Debug|Any CPU
		{3D69E294-357D-4777-B45B-9F88A70E9EC9}.Release|Any CPU.ActiveCfg = Release|Any CPU
		{3D69E294-357D-4777-B45B-9F88A70E9EC9}.Release|Any CPU.Build.0 = Release|Any CPU
	EndGlobalSection
	GlobalSection(SolutionProperties) = preSolution
		HideSolutionNode = FALSE
	EndGlobalSection
	GlobalSection(ExtensibilityGlobals) = postSolution
		SolutionGuid = {6C58ACD8-EF73-45D7-BC56-11F7CBB6AE72}
	EndGlobalSection
EndGlobal
