
Microsoft Visual Studio Solution File, Format Version 12.00
# Visual Studio Version 16
VisualStudioVersion = 16.0.31702.278
MinimumVisualStudioVersion = 10.0.40219.1
Project("{9A19103F-16F7-4668-BE54-9A1E7A4F7556}") = "DifferenceOfSquares", "DifferenceOfSquares.csproj", "{3C052397-55C0-477F-A15C-FEB953346CA4}"
EndProject
Global
	GlobalSection(SolutionConfigurationPlatforms) = preSolution
		Debug|Any CPU = Debug|Any CPU
		Release|Any CPU = Release|Any CPU
	EndGlobalSection
	GlobalSection(ProjectConfigurationPlatforms) = postSolution
		{3C052397-55C0-477F-A15C-FEB953346CA4}.Debug|Any CPU.ActiveCfg = Debug|Any CPU
		{3C052397-55C0-477F-A15C-FEB953346CA4}.Debug|Any CPU.Build.0 = Debug|Any CPU
		{3C052397-55C0-477F-A15C-FEB953346CA4}.Release|Any CPU.ActiveCfg = Release|Any CPU
		{3C052397-55C0-477F-A15C-FEB953346CA4}.Release|Any CPU.Build.0 = Release|Any CPU
	EndGlobalSection
	GlobalSection(SolutionProperties) = preSolution
		HideSolutionNode = FALSE
	EndGlobalSection
	GlobalSection(ExtensibilityGlobals) = postSolution
		SolutionGuid = {3B747CD5-0180-4F94-82BB-71C80C812B3E}
	EndGlobalSection
EndGlobal
